// !$*UTF8*$!
{
	archiveVersion = 1;
	classes = {
	};
	objectVersion = 56;
	objects = {

/* Begin PBXBuildFile section */
		22002FF3BFA1563A79E1D52F /* Pods_challenge.framework in Frameworks */ = {isa = PBXBuildFile; fileRef = DA749A7196AB5292EAD86679 /* Pods_challenge.framework */; };
		5E1FBAA0D27EA50A7A1B2EE5 /* Pods_challenge_challengeUITests.framework in Frameworks */ = {isa = PBXBuildFile; fileRef = E0EB4BD69888041D4AC216C8 /* Pods_challenge_challengeUITests.framework */; };
		DE3819312CB0D13000E13502 /* Challenge.swift in Sources */ = {isa = PBXBuildFile; fileRef = DE3819302CB0D13000E13502 /* Challenge.swift */; };
		DE3819342CB0D4BE00E13502 /* BaseNetworkManager.swift in Sources */ = {isa = PBXBuildFile; fileRef = DE3819332CB0D4BE00E13502 /* BaseNetworkManager.swift */; };
		DE9C70132CB0D5CF00821031 /* NetError.swift in Sources */ = {isa = PBXBuildFile; fileRef = DE9C70122CB0D5CF00821031 /* NetError.swift */; };
		DE9C70152CB0DA2800821031 /* ChallengeNetworkManager.swift in Sources */ = {isa = PBXBuildFile; fileRef = DE9C70142CB0DA2800821031 /* ChallengeNetworkManager.swift */; };
		DEC2C8CB2CB0C71700084B6B /* Choice.swift in Sources */ = {isa = PBXBuildFile; fileRef = DEC2C8CA2CB0C71700084B6B /* Choice.swift */; };
		DEC2C8CD2CB0CF3F00084B6B /* Screen.swift in Sources */ = {isa = PBXBuildFile; fileRef = DEC2C8CC2CB0CF3F00084B6B /* Screen.swift */; };
		DEE552902CAE61D500CA923C /* UICollectionViewExtensions.swift in Sources */ = {isa = PBXBuildFile; fileRef = DEE5528F2CAE61D500CA923C /* UICollectionViewExtensions.swift */; };
		DEE552922CAE620400CA923C /* MultipleChoiceViewCell.swift in Sources */ = {isa = PBXBuildFile; fileRef = DEE552912CAE620400CA923C /* MultipleChoiceViewCell.swift */; };
		DEE552942CAE64A900CA923C /* ChallengeViewModel.swift in Sources */ = {isa = PBXBuildFile; fileRef = DEE552932CAE64A900CA923C /* ChallengeViewModel.swift */; };
		DEE552962CAE661C00CA923C /* MultipleChoiceViewCell.xib in Resources */ = {isa = PBXBuildFile; fileRef = DEE552952CAE661C00CA923C /* MultipleChoiceViewCell.xib */; };
		DEE552982CAE787300CA923C /* ChoiceButton.swift in Sources */ = {isa = PBXBuildFile; fileRef = DEE552972CAE787300CA923C /* ChoiceButton.swift */; };
		DEE5529A2CAE844400CA923C /* UIColorExtensions.swift in Sources */ = {isa = PBXBuildFile; fileRef = DEE552992CAE844400CA923C /* UIColorExtensions.swift */; };
		DEE5529C2CAF614F00CA923C /* RecapViewCell.swift in Sources */ = {isa = PBXBuildFile; fileRef = DEE5529B2CAF614F00CA923C /* RecapViewCell.swift */; };
		DEE5529E2CAF714200CA923C /* RecapViewCell.xib in Resources */ = {isa = PBXBuildFile; fileRef = DEE5529D2CAF714200CA923C /* RecapViewCell.xib */; };
		DEF066432CAE2A3D0066488E /* AppDelegate.swift in Sources */ = {isa = PBXBuildFile; fileRef = DEF066422CAE2A3D0066488E /* AppDelegate.swift */; };
		DEF066452CAE2A3D0066488E /* SceneDelegate.swift in Sources */ = {isa = PBXBuildFile; fileRef = DEF066442CAE2A3D0066488E /* SceneDelegate.swift */; };
		DEF066472CAE2A3D0066488E /* ChallengeViewController.swift in Sources */ = {isa = PBXBuildFile; fileRef = DEF066462CAE2A3D0066488E /* ChallengeViewController.swift */; };
		DEF0664A2CAE2A3D0066488E /* Base in Resources */ = {isa = PBXBuildFile; fileRef = DEF066492CAE2A3D0066488E /* Base */; };
		DEF0664C2CAE2A3F0066488E /* Assets.xcassets in Resources */ = {isa = PBXBuildFile; fileRef = DEF0664B2CAE2A3F0066488E /* Assets.xcassets */; };
		DEF0664F2CAE2A3F0066488E /* Base in Resources */ = {isa = PBXBuildFile; fileRef = DEF0664E2CAE2A3F0066488E /* Base */; };
		DEF0665A2CAE2A3F0066488E /* challengeTests.swift in Sources */ = {isa = PBXBuildFile; fileRef = DEF066592CAE2A3F0066488E /* challengeTests.swift */; };
		DEF066642CAE2A3F0066488E /* challengeUITests.swift in Sources */ = {isa = PBXBuildFile; fileRef = DEF066632CAE2A3F0066488E /* challengeUITests.swift */; };
		DEF066662CAE2A3F0066488E /* challengeUITestsLaunchTests.swift in Sources */ = {isa = PBXBuildFile; fileRef = DEF066652CAE2A3F0066488E /* challengeUITestsLaunchTests.swift */; };
		DEF066732CAE303B0066488E /* UIHelper.swift in Sources */ = {isa = PBXBuildFile; fileRef = DEF066722CAE303B0066488E /* UIHelper.swift */; };
		DEF066752CAE33570066488E /* ChallengeViewController.xib in Resources */ = {isa = PBXBuildFile; fileRef = DEF066742CAE33570066488E /* ChallengeViewController.xib */; };
		DEFAE2DC2CB12556009ECCD6 /* UIViewExtension.swift in Sources */ = {isa = PBXBuildFile; fileRef = DEFAE2DB2CB12556009ECCD6 /* UIViewExtension.swift */; };
		ED2C41C764D6AAF989AE3120 /* Pods_challengeTests.framework in Frameworks */ = {isa = PBXBuildFile; fileRef = 844C7F7C845BC9C507CF613A /* Pods_challengeTests.framework */; };
/* End PBXBuildFile section */

/* Begin PBXContainerItemProxy section */
		DEF066562CAE2A3F0066488E /* PBXContainerItemProxy */ = {
			isa = PBXContainerItemProxy;
			containerPortal = DEF066372CAE2A3D0066488E /* Project object */;
			proxyType = 1;
			remoteGlobalIDString = DEF0663E2CAE2A3D0066488E;
			remoteInfo = challenge;
		};
		DEF066602CAE2A3F0066488E /* PBXContainerItemProxy */ = {
			isa = PBXContainerItemProxy;
			containerPortal = DEF066372CAE2A3D0066488E /* Project object */;
			proxyType = 1;
			remoteGlobalIDString = DEF0663E2CAE2A3D0066488E;
			remoteInfo = challenge;
		};
/* End PBXContainerItemProxy section */

/* Begin PBXFileReference section */
		1B00C0F6BCEA4D694568C7F0 /* Pods-challengeTests.debug.xcconfig */ = {isa = PBXFileReference; includeInIndex = 1; lastKnownFileType = text.xcconfig; name = "Pods-challengeTests.debug.xcconfig"; path = "Target Support Files/Pods-challengeTests/Pods-challengeTests.debug.xcconfig"; sourceTree = "<group>"; };
		1BF68EA977EC317446225E69 /* Pods-challenge-challengeUITests.debug.xcconfig */ = {isa = PBXFileReference; includeInIndex = 1; lastKnownFileType = text.xcconfig; name = "Pods-challenge-challengeUITests.debug.xcconfig"; path = "Target Support Files/Pods-challenge-challengeUITests/Pods-challenge-challengeUITests.debug.xcconfig"; sourceTree = "<group>"; };
		47B818C6812478A42A211D6C /* Pods-challenge.release.xcconfig */ = {isa = PBXFileReference; includeInIndex = 1; lastKnownFileType = text.xcconfig; name = "Pods-challenge.release.xcconfig"; path = "Target Support Files/Pods-challenge/Pods-challenge.release.xcconfig"; sourceTree = "<group>"; };
		5ABDC4A902A7CB6AC55A493D /* Pods-challengeTests.release.xcconfig */ = {isa = PBXFileReference; includeInIndex = 1; lastKnownFileType = text.xcconfig; name = "Pods-challengeTests.release.xcconfig"; path = "Target Support Files/Pods-challengeTests/Pods-challengeTests.release.xcconfig"; sourceTree = "<group>"; };
		844C7F7C845BC9C507CF613A /* Pods_challengeTests.framework */ = {isa = PBXFileReference; explicitFileType = wrapper.framework; includeInIndex = 0; path = Pods_challengeTests.framework; sourceTree = BUILT_PRODUCTS_DIR; };
		9719F6434F9CED5972A0A29E /* Pods-challenge-challengeUITests.release.xcconfig */ = {isa = PBXFileReference; includeInIndex = 1; lastKnownFileType = text.xcconfig; name = "Pods-challenge-challengeUITests.release.xcconfig"; path = "Target Support Files/Pods-challenge-challengeUITests/Pods-challenge-challengeUITests.release.xcconfig"; sourceTree = "<group>"; };
		DA749A7196AB5292EAD86679 /* Pods_challenge.framework */ = {isa = PBXFileReference; explicitFileType = wrapper.framework; includeInIndex = 0; path = Pods_challenge.framework; sourceTree = BUILT_PRODUCTS_DIR; };
		DE3819302CB0D13000E13502 /* Challenge.swift */ = {isa = PBXFileReference; lastKnownFileType = sourcecode.swift; path = Challenge.swift; sourceTree = "<group>"; };
		DE3819332CB0D4BE00E13502 /* BaseNetworkManager.swift */ = {isa = PBXFileReference; lastKnownFileType = sourcecode.swift; path = BaseNetworkManager.swift; sourceTree = "<group>"; };
		DE9C70122CB0D5CF00821031 /* NetError.swift */ = {isa = PBXFileReference; lastKnownFileType = sourcecode.swift; path = NetError.swift; sourceTree = "<group>"; };
		DE9C70142CB0DA2800821031 /* ChallengeNetworkManager.swift */ = {isa = PBXFileReference; lastKnownFileType = sourcecode.swift; path = ChallengeNetworkManager.swift; sourceTree = "<group>"; };
		DEC2C8CA2CB0C71700084B6B /* Choice.swift */ = {isa = PBXFileReference; lastKnownFileType = sourcecode.swift; path = Choice.swift; sourceTree = "<group>"; };
		DEC2C8CC2CB0CF3F00084B6B /* Screen.swift */ = {isa = PBXFileReference; lastKnownFileType = sourcecode.swift; path = Screen.swift; sourceTree = "<group>"; };
		DEE5528F2CAE61D500CA923C /* UICollectionViewExtensions.swift */ = {isa = PBXFileReference; lastKnownFileType = sourcecode.swift; path = UICollectionViewExtensions.swift; sourceTree = "<group>"; };
		DEE552912CAE620400CA923C /* MultipleChoiceViewCell.swift */ = {isa = PBXFileReference; lastKnownFileType = sourcecode.swift; path = MultipleChoiceViewCell.swift; sourceTree = "<group>"; };
		DEE552932CAE64A900CA923C /* ChallengeViewModel.swift */ = {isa = PBXFileReference; lastKnownFileType = sourcecode.swift; path = ChallengeViewModel.swift; sourceTree = "<group>"; };
		DEE552952CAE661C00CA923C /* MultipleChoiceViewCell.xib */ = {isa = PBXFileReference; lastKnownFileType = file.xib; path = MultipleChoiceViewCell.xib; sourceTree = "<group>"; };
		DEE552972CAE787300CA923C /* ChoiceButton.swift */ = {isa = PBXFileReference; lastKnownFileType = sourcecode.swift; path = ChoiceButton.swift; sourceTree = "<group>"; };
		DEE552992CAE844400CA923C /* UIColorExtensions.swift */ = {isa = PBXFileReference; lastKnownFileType = sourcecode.swift; path = UIColorExtensions.swift; sourceTree = "<group>"; };
		DEE5529B2CAF614F00CA923C /* RecapViewCell.swift */ = {isa = PBXFileReference; lastKnownFileType = sourcecode.swift; path = RecapViewCell.swift; sourceTree = "<group>"; };
		DEE5529D2CAF714200CA923C /* RecapViewCell.xib */ = {isa = PBXFileReference; lastKnownFileType = file.xib; path = RecapViewCell.xib; sourceTree = "<group>"; };
		DEF0663F2CAE2A3D0066488E /* challenge.app */ = {isa = PBXFileReference; explicitFileType = wrapper.application; includeInIndex = 0; path = challenge.app; sourceTree = BUILT_PRODUCTS_DIR; };
		DEF066422CAE2A3D0066488E /* AppDelegate.swift */ = {isa = PBXFileReference; lastKnownFileType = sourcecode.swift; path = AppDelegate.swift; sourceTree = "<group>"; };
		DEF066442CAE2A3D0066488E /* SceneDelegate.swift */ = {isa = PBXFileReference; lastKnownFileType = sourcecode.swift; path = SceneDelegate.swift; sourceTree = "<group>"; };
		DEF066462CAE2A3D0066488E /* ChallengeViewController.swift */ = {isa = PBXFileReference; lastKnownFileType = sourcecode.swift; path = ChallengeViewController.swift; sourceTree = "<group>"; };
		DEF066492CAE2A3D0066488E /* Base */ = {isa = PBXFileReference; lastKnownFileType = file.storyboard; name = Base; path = Base.lproj/Main.storyboard; sourceTree = "<group>"; };
		DEF0664B2CAE2A3F0066488E /* Assets.xcassets */ = {isa = PBXFileReference; lastKnownFileType = folder.assetcatalog; path = Assets.xcassets; sourceTree = "<group>"; };
		DEF0664E2CAE2A3F0066488E /* Base */ = {isa = PBXFileReference; lastKnownFileType = file.storyboard; name = Base; path = Base.lproj/LaunchScreen.storyboard; sourceTree = "<group>"; };
		DEF066502CAE2A3F0066488E /* Info.plist */ = {isa = PBXFileReference; lastKnownFileType = text.plist.xml; path = Info.plist; sourceTree = "<group>"; };
		DEF066552CAE2A3F0066488E /* challengeTests.xctest */ = {isa = PBXFileReference; explicitFileType = wrapper.cfbundle; includeInIndex = 0; path = challengeTests.xctest; sourceTree = BUILT_PRODUCTS_DIR; };
		DEF066592CAE2A3F0066488E /* challengeTests.swift */ = {isa = PBXFileReference; lastKnownFileType = sourcecode.swift; path = challengeTests.swift; sourceTree = "<group>"; };
		DEF0665F2CAE2A3F0066488E /* challengeUITests.xctest */ = {isa = PBXFileReference; explicitFileType = wrapper.cfbundle; includeInIndex = 0; path = challengeUITests.xctest; sourceTree = BUILT_PRODUCTS_DIR; };
		DEF066632CAE2A3F0066488E /* challengeUITests.swift */ = {isa = PBXFileReference; lastKnownFileType = sourcecode.swift; path = challengeUITests.swift; sourceTree = "<group>"; };
		DEF066652CAE2A3F0066488E /* challengeUITestsLaunchTests.swift */ = {isa = PBXFileReference; lastKnownFileType = sourcecode.swift; path = challengeUITestsLaunchTests.swift; sourceTree = "<group>"; };
		DEF066722CAE303B0066488E /* UIHelper.swift */ = {isa = PBXFileReference; lastKnownFileType = sourcecode.swift; path = UIHelper.swift; sourceTree = "<group>"; };
		DEF066742CAE33570066488E /* ChallengeViewController.xib */ = {isa = PBXFileReference; lastKnownFileType = file.xib; path = ChallengeViewController.xib; sourceTree = "<group>"; };
		DEFAE2DB2CB12556009ECCD6 /* UIViewExtension.swift */ = {isa = PBXFileReference; lastKnownFileType = sourcecode.swift; path = UIViewExtension.swift; sourceTree = "<group>"; };
		E0EB4BD69888041D4AC216C8 /* Pods_challenge_challengeUITests.framework */ = {isa = PBXFileReference; explicitFileType = wrapper.framework; includeInIndex = 0; path = Pods_challenge_challengeUITests.framework; sourceTree = BUILT_PRODUCTS_DIR; };
		FF863385071EBFADFB4081B6 /* Pods-challenge.debug.xcconfig */ = {isa = PBXFileReference; includeInIndex = 1; lastKnownFileType = text.xcconfig; name = "Pods-challenge.debug.xcconfig"; path = "Target Support Files/Pods-challenge/Pods-challenge.debug.xcconfig"; sourceTree = "<group>"; };
/* End PBXFileReference section */

/* Begin PBXFrameworksBuildPhase section */
		DEF0663C2CAE2A3D0066488E /* Frameworks */ = {
			isa = PBXFrameworksBuildPhase;
			buildActionMask = 2147483647;
			files = (
				22002FF3BFA1563A79E1D52F /* Pods_challenge.framework in Frameworks */,
			);
			runOnlyForDeploymentPostprocessing = 0;
		};
		DEF066522CAE2A3F0066488E /* Frameworks */ = {
			isa = PBXFrameworksBuildPhase;
			buildActionMask = 2147483647;
			files = (
				ED2C41C764D6AAF989AE3120 /* Pods_challengeTests.framework in Frameworks */,
			);
			runOnlyForDeploymentPostprocessing = 0;
		};
		DEF0665C2CAE2A3F0066488E /* Frameworks */ = {
			isa = PBXFrameworksBuildPhase;
			buildActionMask = 2147483647;
			files = (
				5E1FBAA0D27EA50A7A1B2EE5 /* Pods_challenge_challengeUITests.framework in Frameworks */,
			);
			runOnlyForDeploymentPostprocessing = 0;
		};
/* End PBXFrameworksBuildPhase section */

/* Begin PBXGroup section */
		97B75B658973221FAC307BE5 /* Frameworks */ = {
			isa = PBXGroup;
			children = (
				DA749A7196AB5292EAD86679 /* Pods_challenge.framework */,
				E0EB4BD69888041D4AC216C8 /* Pods_challenge_challengeUITests.framework */,
				844C7F7C845BC9C507CF613A /* Pods_challengeTests.framework */,
			);
			name = Frameworks;
			sourceTree = "<group>";
		};
		B2783CB799A5B1967AEFBF4B /* Pods */ = {
			isa = PBXGroup;
			children = (
				FF863385071EBFADFB4081B6 /* Pods-challenge.debug.xcconfig */,
				47B818C6812478A42A211D6C /* Pods-challenge.release.xcconfig */,
				1BF68EA977EC317446225E69 /* Pods-challenge-challengeUITests.debug.xcconfig */,
				9719F6434F9CED5972A0A29E /* Pods-challenge-challengeUITests.release.xcconfig */,
				1B00C0F6BCEA4D694568C7F0 /* Pods-challengeTests.debug.xcconfig */,
				5ABDC4A902A7CB6AC55A493D /* Pods-challengeTests.release.xcconfig */,
			);
			path = Pods;
			sourceTree = "<group>";
		};
		DE3819322CB0D24000E13502 /* Networks */ = {
			isa = PBXGroup;
			children = (
				DE3819332CB0D4BE00E13502 /* BaseNetworkManager.swift */,
				DE9C70142CB0DA2800821031 /* ChallengeNetworkManager.swift */,
				DE9C70122CB0D5CF00821031 /* NetError.swift */,
			);
			path = Networks;
			sourceTree = "<group>";
		};
		DE39A2872CAFC01900B85F47 /* Challenge */ = {
			isa = PBXGroup;
			children = (
				DE39A2892CAFC03F00B85F47 /* ChallengeTypes */,
				DEE552932CAE64A900CA923C /* ChallengeViewModel.swift */,
				DEF066462CAE2A3D0066488E /* ChallengeViewController.swift */,
				DEF066742CAE33570066488E /* ChallengeViewController.xib */,
			);
			path = Challenge;
			sourceTree = "<group>";
		};
		DE39A2882CAFC03300B85F47 /* Helpers */ = {
			isa = PBXGroup;
			children = (
				DEE552972CAE787300CA923C /* ChoiceButton.swift */,
				DEE5528F2CAE61D500CA923C /* UICollectionViewExtensions.swift */,
				DEE552992CAE844400CA923C /* UIColorExtensions.swift */,
				DEF066722CAE303B0066488E /* UIHelper.swift */,
				DEFAE2DB2CB12556009ECCD6 /* UIViewExtension.swift */,
			);
			path = Helpers;
			sourceTree = "<group>";
		};
		DE39A2892CAFC03F00B85F47 /* ChallengeTypes */ = {
			isa = PBXGroup;
			children = (
				DEE5529B2CAF614F00CA923C /* RecapViewCell.swift */,
				DEE5529D2CAF714200CA923C /* RecapViewCell.xib */,
				DEE552912CAE620400CA923C /* MultipleChoiceViewCell.swift */,
				DEE552952CAE661C00CA923C /* MultipleChoiceViewCell.xib */,
			);
			path = ChallengeTypes;
			sourceTree = "<group>";
		};
		DEC2C8C92CB0C6BD00084B6B /* Models */ = {
			isa = PBXGroup;
			children = (
				DEC2C8CA2CB0C71700084B6B /* Choice.swift */,
				DEC2C8CC2CB0CF3F00084B6B /* Screen.swift */,
				DE3819302CB0D13000E13502 /* Challenge.swift */,
			);
			path = Models;
			sourceTree = "<group>";
		};
		DEF066362CAE2A3D0066488E = {
			isa = PBXGroup;
			children = (
				DEF066412CAE2A3D0066488E /* challenge */,
				DEF066582CAE2A3F0066488E /* challengeTests */,
				DEF066622CAE2A3F0066488E /* challengeUITests */,
				DEF066402CAE2A3D0066488E /* Products */,
				B2783CB799A5B1967AEFBF4B /* Pods */,
				97B75B658973221FAC307BE5 /* Frameworks */,
			);
			sourceTree = "<group>";
		};
		DEF066402CAE2A3D0066488E /* Products */ = {
			isa = PBXGroup;
			children = (
				DEF0663F2CAE2A3D0066488E /* challenge.app */,
				DEF066552CAE2A3F0066488E /* challengeTests.xctest */,
				DEF0665F2CAE2A3F0066488E /* challengeUITests.xctest */,
			);
			name = Products;
			sourceTree = "<group>";
		};
		DEF066412CAE2A3D0066488E /* challenge */ = {
			isa = PBXGroup;
			children = (
				DE3819322CB0D24000E13502 /* Networks */,
				DEC2C8C92CB0C6BD00084B6B /* Models */,
				DE39A2882CAFC03300B85F47 /* Helpers */,
				DE39A2872CAFC01900B85F47 /* Challenge */,
				DEF066422CAE2A3D0066488E /* AppDelegate.swift */,
				DEF066442CAE2A3D0066488E /* SceneDelegate.swift */,
				DEF066482CAE2A3D0066488E /* Main.storyboard */,
				DEF0664B2CAE2A3F0066488E /* Assets.xcassets */,
				DEF0664D2CAE2A3F0066488E /* LaunchScreen.storyboard */,
				DEF066502CAE2A3F0066488E /* Info.plist */,
			);
			path = challenge;
			sourceTree = "<group>";
		};
		DEF066582CAE2A3F0066488E /* challengeTests */ = {
			isa = PBXGroup;
			children = (
				DEF066592CAE2A3F0066488E /* challengeTests.swift */,
			);
			path = challengeTests;
			sourceTree = "<group>";
		};
		DEF066622CAE2A3F0066488E /* challengeUITests */ = {
			isa = PBXGroup;
			children = (
				DEF066632CAE2A3F0066488E /* challengeUITests.swift */,
				DEF066652CAE2A3F0066488E /* challengeUITestsLaunchTests.swift */,
			);
			path = challengeUITests;
			sourceTree = "<group>";
		};
/* End PBXGroup section */

/* Begin PBXNativeTarget section */
		DEF0663E2CAE2A3D0066488E /* challenge */ = {
			isa = PBXNativeTarget;
			buildConfigurationList = DEF066692CAE2A3F0066488E /* Build configuration list for PBXNativeTarget "challenge" */;
			buildPhases = (
				DB687D067CC09E27DA233530 /* [CP] Check Pods Manifest.lock */,
				DEF0663B2CAE2A3D0066488E /* Sources */,
				DEF0663C2CAE2A3D0066488E /* Frameworks */,
				DEF0663D2CAE2A3D0066488E /* Resources */,
				3BFED51E125EF92548A1C81A /* [CP] Embed Pods Frameworks */,
			);
			buildRules = (
			);
			dependencies = (
			);
			name = challenge;
			productName = challenge;
			productReference = DEF0663F2CAE2A3D0066488E /* challenge.app */;
			productType = "com.apple.product-type.application";
		};
		DEF066542CAE2A3F0066488E /* challengeTests */ = {
			isa = PBXNativeTarget;
			buildConfigurationList = DEF0666C2CAE2A3F0066488E /* Build configuration list for PBXNativeTarget "challengeTests" */;
			buildPhases = (
				BA0B85FBEC014947734683BD /* [CP] Check Pods Manifest.lock */,
				DEF066512CAE2A3F0066488E /* Sources */,
				DEF066522CAE2A3F0066488E /* Frameworks */,
				DEF066532CAE2A3F0066488E /* Resources */,
			);
			buildRules = (
			);
			dependencies = (
				DEF066572CAE2A3F0066488E /* PBXTargetDependency */,
			);
			name = challengeTests;
			productName = challengeTests;
			productReference = DEF066552CAE2A3F0066488E /* challengeTests.xctest */;
			productType = "com.apple.product-type.bundle.unit-test";
		};
		DEF0665E2CAE2A3F0066488E /* challengeUITests */ = {
			isa = PBXNativeTarget;
			buildConfigurationList = DEF0666F2CAE2A3F0066488E /* Build configuration list for PBXNativeTarget "challengeUITests" */;
			buildPhases = (
				5BDC78CAFEF2D2DCD05F972C /* [CP] Check Pods Manifest.lock */,
				DEF0665B2CAE2A3F0066488E /* Sources */,
				DEF0665C2CAE2A3F0066488E /* Frameworks */,
				DEF0665D2CAE2A3F0066488E /* Resources */,
				0676924460432A667CBC0A5A /* [CP] Embed Pods Frameworks */,
			);
			buildRules = (
			);
			dependencies = (
				DEF066612CAE2A3F0066488E /* PBXTargetDependency */,
			);
			name = challengeUITests;
			productName = challengeUITests;
			productReference = DEF0665F2CAE2A3F0066488E /* challengeUITests.xctest */;
			productType = "com.apple.product-type.bundle.ui-testing";
		};
/* End PBXNativeTarget section */

/* Begin PBXProject section */
		DEF066372CAE2A3D0066488E /* Project object */ = {
			isa = PBXProject;
			attributes = {
				BuildIndependentTargetsInParallel = 1;
				LastSwiftUpdateCheck = 1540;
				LastUpgradeCheck = 1540;
				TargetAttributes = {
					DEF0663E2CAE2A3D0066488E = {
						CreatedOnToolsVersion = 15.4;
					};
					DEF066542CAE2A3F0066488E = {
						CreatedOnToolsVersion = 15.4;
						TestTargetID = DEF0663E2CAE2A3D0066488E;
					};
					DEF0665E2CAE2A3F0066488E = {
						CreatedOnToolsVersion = 15.4;
						TestTargetID = DEF0663E2CAE2A3D0066488E;
					};
				};
			};
			buildConfigurationList = DEF0663A2CAE2A3D0066488E /* Build configuration list for PBXProject "challenge" */;
			compatibilityVersion = "Xcode 14.0";
			developmentRegion = en;
			hasScannedForEncodings = 0;
			knownRegions = (
				en,
				Base,
			);
			mainGroup = DEF066362CAE2A3D0066488E;
			productRefGroup = DEF066402CAE2A3D0066488E /* Products */;
			projectDirPath = "";
			projectRoot = "";
			targets = (
				DEF0663E2CAE2A3D0066488E /* challenge */,
				DEF066542CAE2A3F0066488E /* challengeTests */,
				DEF0665E2CAE2A3F0066488E /* challengeUITests */,
			);
		};
/* End PBXProject section */

/* Begin PBXResourcesBuildPhase section */
		DEF0663D2CAE2A3D0066488E /* Resources */ = {
			isa = PBXResourcesBuildPhase;
			buildActionMask = 2147483647;
			files = (
				DEE5529E2CAF714200CA923C /* RecapViewCell.xib in Resources */,
				DEF0664C2CAE2A3F0066488E /* Assets.xcassets in Resources */,
				DEF0664F2CAE2A3F0066488E /* Base in Resources */,
				DEF066752CAE33570066488E /* ChallengeViewController.xib in Resources */,
				DEF0664A2CAE2A3D0066488E /* Base in Resources */,
				DEE552962CAE661C00CA923C /* MultipleChoiceViewCell.xib in Resources */,
			);
			runOnlyForDeploymentPostprocessing = 0;
		};
		DEF066532CAE2A3F0066488E /* Resources */ = {
			isa = PBXResourcesBuildPhase;
			buildActionMask = 2147483647;
			files = (
			);
			runOnlyForDeploymentPostprocessing = 0;
		};
		DEF0665D2CAE2A3F0066488E /* Resources */ = {
			isa = PBXResourcesBuildPhase;
			buildActionMask = 2147483647;
			files = (
			);
			runOnlyForDeploymentPostprocessing = 0;
		};
/* End PBXResourcesBuildPhase section */

/* Begin PBXShellScriptBuildPhase section */
		0676924460432A667CBC0A5A /* [CP] Embed Pods Frameworks */ = {
			isa = PBXShellScriptBuildPhase;
			buildActionMask = 2147483647;
			files = (
			);
			inputFileListPaths = (
				"${PODS_ROOT}/Target Support Files/Pods-challenge-challengeUITests/Pods-challenge-challengeUITests-frameworks-${CONFIGURATION}-input-files.xcfilelist",
			);
			name = "[CP] Embed Pods Frameworks";
			outputFileListPaths = (
				"${PODS_ROOT}/Target Support Files/Pods-challenge-challengeUITests/Pods-challenge-challengeUITests-frameworks-${CONFIGURATION}-output-files.xcfilelist",
			);
			runOnlyForDeploymentPostprocessing = 0;
			shellPath = /bin/sh;
			shellScript = "\"${PODS_ROOT}/Target Support Files/Pods-challenge-challengeUITests/Pods-challenge-challengeUITests-frameworks.sh\"\n";
			showEnvVarsInLog = 0;
		};
		3BFED51E125EF92548A1C81A /* [CP] Embed Pods Frameworks */ = {
			isa = PBXShellScriptBuildPhase;
			buildActionMask = 2147483647;
			files = (
			);
			inputFileListPaths = (
				"${PODS_ROOT}/Target Support Files/Pods-challenge/Pods-challenge-frameworks-${CONFIGURATION}-input-files.xcfilelist",
			);
			name = "[CP] Embed Pods Frameworks";
			outputFileListPaths = (
				"${PODS_ROOT}/Target Support Files/Pods-challenge/Pods-challenge-frameworks-${CONFIGURATION}-output-files.xcfilelist",
			);
			runOnlyForDeploymentPostprocessing = 0;
			shellPath = /bin/sh;
			shellScript = "\"${PODS_ROOT}/Target Support Files/Pods-challenge/Pods-challenge-frameworks.sh\"\n";
			showEnvVarsInLog = 0;
		};
		5BDC78CAFEF2D2DCD05F972C /* [CP] Check Pods Manifest.lock */ = {
			isa = PBXShellScriptBuildPhase;
			buildActionMask = 2147483647;
			files = (
			);
			inputFileListPaths = (
			);
			inputPaths = (
				"${PODS_PODFILE_DIR_PATH}/Podfile.lock",
				"${PODS_ROOT}/Manifest.lock",
			);
			name = "[CP] Check Pods Manifest.lock";
			outputFileListPaths = (
			);
			outputPaths = (
				"$(DERIVED_FILE_DIR)/Pods-challenge-challengeUITests-checkManifestLockResult.txt",
			);
			runOnlyForDeploymentPostprocessing = 0;
			shellPath = /bin/sh;
			shellScript = "diff \"${PODS_PODFILE_DIR_PATH}/Podfile.lock\" \"${PODS_ROOT}/Manifest.lock\" > /dev/null\nif [ $? != 0 ] ; then\n    # print error to STDERR\n    echo \"error: The sandbox is not in sync with the Podfile.lock. Run 'pod install' or update your CocoaPods installation.\" >&2\n    exit 1\nfi\n# This output is used by Xcode 'outputs' to avoid re-running this script phase.\necho \"SUCCESS\" > \"${SCRIPT_OUTPUT_FILE_0}\"\n";
			showEnvVarsInLog = 0;
		};
		BA0B85FBEC014947734683BD /* [CP] Check Pods Manifest.lock */ = {
			isa = PBXShellScriptBuildPhase;
			buildActionMask = 2147483647;
			files = (
			);
			inputFileListPaths = (
			);
			inputPaths = (
				"${PODS_PODFILE_DIR_PATH}/Podfile.lock",
				"${PODS_ROOT}/Manifest.lock",
			);
			name = "[CP] Check Pods Manifest.lock";
			outputFileListPaths = (
			);
			outputPaths = (
				"$(DERIVED_FILE_DIR)/Pods-challengeTests-checkManifestLockResult.txt",
			);
			runOnlyForDeploymentPostprocessing = 0;
			shellPath = /bin/sh;
			shellScript = "diff \"${PODS_PODFILE_DIR_PATH}/Podfile.lock\" \"${PODS_ROOT}/Manifest.lock\" > /dev/null\nif [ $? != 0 ] ; then\n    # print error to STDERR\n    echo \"error: The sandbox is not in sync with the Podfile.lock. Run 'pod install' or update your CocoaPods installation.\" >&2\n    exit 1\nfi\n# This output is used by Xcode 'outputs' to avoid re-running this script phase.\necho \"SUCCESS\" > \"${SCRIPT_OUTPUT_FILE_0}\"\n";
			showEnvVarsInLog = 0;
		};
		DB687D067CC09E27DA233530 /* [CP] Check Pods Manifest.lock */ = {
			isa = PBXShellScriptBuildPhase;
			buildActionMask = 2147483647;
			files = (
			);
			inputFileListPaths = (
			);
			inputPaths = (
				"${PODS_PODFILE_DIR_PATH}/Podfile.lock",
				"${PODS_ROOT}/Manifest.lock",
			);
			name = "[CP] Check Pods Manifest.lock";
			outputFileListPaths = (
			);
			outputPaths = (
				"$(DERIVED_FILE_DIR)/Pods-challenge-checkManifestLockResult.txt",
			);
			runOnlyForDeploymentPostprocessing = 0;
			shellPath = /bin/sh;
			shellScript = "diff \"${PODS_PODFILE_DIR_PATH}/Podfile.lock\" \"${PODS_ROOT}/Manifest.lock\" > /dev/null\nif [ $? != 0 ] ; then\n    # print error to STDERR\n    echo \"error: The sandbox is not in sync with the Podfile.lock. Run 'pod install' or update your CocoaPods installation.\" >&2\n    exit 1\nfi\n# This output is used by Xcode 'outputs' to avoid re-running this script phase.\necho \"SUCCESS\" > \"${SCRIPT_OUTPUT_FILE_0}\"\n";
			showEnvVarsInLog = 0;
		};
/* End PBXShellScriptBuildPhase section */

/* Begin PBXSourcesBuildPhase section */
		DEF0663B2CAE2A3D0066488E /* Sources */ = {
			isa = PBXSourcesBuildPhase;
			buildActionMask = 2147483647;
			files = (
				DE9C70152CB0DA2800821031 /* ChallengeNetworkManager.swift in Sources */,
				DEE5529A2CAE844400CA923C /* UIColorExtensions.swift in Sources */,
				DE3819312CB0D13000E13502 /* Challenge.swift in Sources */,
				DEE552922CAE620400CA923C /* MultipleChoiceViewCell.swift in Sources */,
				DEC2C8CB2CB0C71700084B6B /* Choice.swift in Sources */,
				DEE552902CAE61D500CA923C /* UICollectionViewExtensions.swift in Sources */,
				DEF066472CAE2A3D0066488E /* ChallengeViewController.swift in Sources */,
				DEE5529C2CAF614F00CA923C /* RecapViewCell.swift in Sources */,
				DEFAE2DC2CB12556009ECCD6 /* UIViewExtension.swift in Sources */,
				DEF066432CAE2A3D0066488E /* AppDelegate.swift in Sources */,
				DE3819342CB0D4BE00E13502 /* BaseNetworkManager.swift in Sources */,
				DEE552982CAE787300CA923C /* ChoiceButton.swift in Sources */,
				DEF066452CAE2A3D0066488E /* SceneDelegate.swift in Sources */,
				DEF066732CAE303B0066488E /* UIHelper.swift in Sources */,
				DE9C70132CB0D5CF00821031 /* NetError.swift in Sources */,
				DEE552942CAE64A900CA923C /* ChallengeViewModel.swift in Sources */,
				DEC2C8CD2CB0CF3F00084B6B /* Screen.swift in Sources */,
			);
			runOnlyForDeploymentPostprocessing = 0;
		};
		DEF066512CAE2A3F0066488E /* Sources */ = {
			isa = PBXSourcesBuildPhase;
			buildActionMask = 2147483647;
			files = (
				DEF0665A2CAE2A3F0066488E /* challengeTests.swift in Sources */,
			);
			runOnlyForDeploymentPostprocessing = 0;
		};
		DEF0665B2CAE2A3F0066488E /* Sources */ = {
			isa = PBXSourcesBuildPhase;
			buildActionMask = 2147483647;
			files = (
				DEF066662CAE2A3F0066488E /* challengeUITestsLaunchTests.swift in Sources */,
				DEF066642CAE2A3F0066488E /* challengeUITests.swift in Sources */,
			);
			runOnlyForDeploymentPostprocessing = 0;
		};
/* End PBXSourcesBuildPhase section */

/* Begin PBXTargetDependency section */
		DEF066572CAE2A3F0066488E /* PBXTargetDependency */ = {
			isa = PBXTargetDependency;
			target = DEF0663E2CAE2A3D0066488E /* challenge */;
			targetProxy = DEF066562CAE2A3F0066488E /* PBXContainerItemProxy */;
		};
		DEF066612CAE2A3F0066488E /* PBXTargetDependency */ = {
			isa = PBXTargetDependency;
			target = DEF0663E2CAE2A3D0066488E /* challenge */;
			targetProxy = DEF066602CAE2A3F0066488E /* PBXContainerItemProxy */;
		};
/* End PBXTargetDependency section */

/* Begin PBXVariantGroup section */
		DEF066482CAE2A3D0066488E /* Main.storyboard */ = {
			isa = PBXVariantGroup;
			children = (
				DEF066492CAE2A3D0066488E /* Base */,
			);
			name = Main.storyboard;
			sourceTree = "<group>";
		};
		DEF0664D2CAE2A3F0066488E /* LaunchScreen.storyboard */ = {
			isa = PBXVariantGroup;
			children = (
				DEF0664E2CAE2A3F0066488E /* Base */,
			);
			name = LaunchScreen.storyboard;
			sourceTree = "<group>";
		};
/* End PBXVariantGroup section */

/* Begin XCBuildConfiguration section */
		DEF066672CAE2A3F0066488E /* Debug */ = {
			isa = XCBuildConfiguration;
			buildSettings = {
				ALWAYS_SEARCH_USER_PATHS = NO;
				ASSETCATALOG_COMPILER_GENERATE_SWIFT_ASSET_SYMBOL_EXTENSIONS = YES;
				CLANG_ANALYZER_NONNULL = YES;
				CLANG_ANALYZER_NUMBER_OBJECT_CONVERSION = YES_AGGRESSIVE;
				CLANG_CXX_LANGUAGE_STANDARD = "gnu++20";
				CLANG_ENABLE_MODULES = YES;
				CLANG_ENABLE_OBJC_ARC = YES;
				CLANG_ENABLE_OBJC_WEAK = YES;
				CLANG_WARN_BLOCK_CAPTURE_AUTORELEASING = YES;
				CLANG_WARN_BOOL_CONVERSION = YES;
				CLANG_WARN_COMMA = YES;
				CLANG_WARN_CONSTANT_CONVERSION = YES;
				CLANG_WARN_DEPRECATED_OBJC_IMPLEMENTATIONS = YES;
				CLANG_WARN_DIRECT_OBJC_ISA_USAGE = YES_ERROR;
				CLANG_WARN_DOCUMENTATION_COMMENTS = YES;
				CLANG_WARN_EMPTY_BODY = YES;
				CLANG_WARN_ENUM_CONVERSION = YES;
				CLANG_WARN_INFINITE_RECURSION = YES;
				CLANG_WARN_INT_CONVERSION = YES;
				CLANG_WARN_NON_LITERAL_NULL_CONVERSION = YES;
				CLANG_WARN_OBJC_IMPLICIT_RETAIN_SELF = YES;
				CLANG_WARN_OBJC_LITERAL_CONVERSION = YES;
				CLANG_WARN_OBJC_ROOT_CLASS = YES_ERROR;
				CLANG_WARN_QUOTED_INCLUDE_IN_FRAMEWORK_HEADER = YES;
				CLANG_WARN_RANGE_LOOP_ANALYSIS = YES;
				CLANG_WARN_STRICT_PROTOTYPES = YES;
				CLANG_WARN_SUSPICIOUS_MOVE = YES;
				CLANG_WARN_UNGUARDED_AVAILABILITY = YES_AGGRESSIVE;
				CLANG_WARN_UNREACHABLE_CODE = YES;
				CLANG_WARN__DUPLICATE_METHOD_MATCH = YES;
				COPY_PHASE_STRIP = NO;
				DEBUG_INFORMATION_FORMAT = dwarf;
				ENABLE_STRICT_OBJC_MSGSEND = YES;
				ENABLE_TESTABILITY = YES;
				ENABLE_USER_SCRIPT_SANDBOXING = YES;
				GCC_C_LANGUAGE_STANDARD = gnu17;
				GCC_DYNAMIC_NO_PIC = NO;
				GCC_NO_COMMON_BLOCKS = YES;
				GCC_OPTIMIZATION_LEVEL = 0;
				GCC_PREPROCESSOR_DEFINITIONS = (
					"DEBUG=1",
					"$(inherited)",
				);
				GCC_WARN_64_TO_32_BIT_CONVERSION = YES;
				GCC_WARN_ABOUT_RETURN_TYPE = YES_ERROR;
				GCC_WARN_UNDECLARED_SELECTOR = YES;
				GCC_WARN_UNINITIALIZED_AUTOS = YES_AGGRESSIVE;
				GCC_WARN_UNUSED_FUNCTION = YES;
				GCC_WARN_UNUSED_VARIABLE = YES;
				IPHONEOS_DEPLOYMENT_TARGET = 17.5;
				LOCALIZATION_PREFERS_STRING_CATALOGS = YES;
				MTL_ENABLE_DEBUG_INFO = INCLUDE_SOURCE;
				MTL_FAST_MATH = YES;
				ONLY_ACTIVE_ARCH = YES;
				SDKROOT = iphoneos;
				SWIFT_ACTIVE_COMPILATION_CONDITIONS = "DEBUG $(inherited)";
				SWIFT_OPTIMIZATION_LEVEL = "-Onone";
			};
			name = Debug;
		};
		DEF066682CAE2A3F0066488E /* Release */ = {
			isa = XCBuildConfiguration;
			buildSettings = {
				ALWAYS_SEARCH_USER_PATHS = NO;
				ASSETCATALOG_COMPILER_GENERATE_SWIFT_ASSET_SYMBOL_EXTENSIONS = YES;
				CLANG_ANALYZER_NONNULL = YES;
				CLANG_ANALYZER_NUMBER_OBJECT_CONVERSION = YES_AGGRESSIVE;
				CLANG_CXX_LANGUAGE_STANDARD = "gnu++20";
				CLANG_ENABLE_MODULES = YES;
				CLANG_ENABLE_OBJC_ARC = YES;
				CLANG_ENABLE_OBJC_WEAK = YES;
				CLANG_WARN_BLOCK_CAPTURE_AUTORELEASING = YES;
				CLANG_WARN_BOOL_CONVERSION = YES;
				CLANG_WARN_COMMA = YES;
				CLANG_WARN_CONSTANT_CONVERSION = YES;
				CLANG_WARN_DEPRECATED_OBJC_IMPLEMENTATIONS = YES;
				CLANG_WARN_DIRECT_OBJC_ISA_USAGE = YES_ERROR;
				CLANG_WARN_DOCUMENTATION_COMMENTS = YES;
				CLANG_WARN_EMPTY_BODY = YES;
				CLANG_WARN_ENUM_CONVERSION = YES;
				CLANG_WARN_INFINITE_RECURSION = YES;
				CLANG_WARN_INT_CONVERSION = YES;
				CLANG_WARN_NON_LITERAL_NULL_CONVERSION = YES;
				CLANG_WARN_OBJC_IMPLICIT_RETAIN_SELF = YES;
				CLANG_WARN_OBJC_LITERAL_CONVERSION = YES;
				CLANG_WARN_OBJC_ROOT_CLASS = YES_ERROR;
				CLANG_WARN_QUOTED_INCLUDE_IN_FRAMEWORK_HEADER = YES;
				CLANG_WARN_RANGE_LOOP_ANALYSIS = YES;
				CLANG_WARN_STRICT_PROTOTYPES = YES;
				CLANG_WARN_SUSPICIOUS_MOVE = YES;
				CLANG_WARN_UNGUARDED_AVAILABILITY = YES_AGGRESSIVE;
				CLANG_WARN_UNREACHABLE_CODE = YES;
				CLANG_WARN__DUPLICATE_METHOD_MATCH = YES;
				COPY_PHASE_STRIP = NO;
				DEBUG_INFORMATION_FORMAT = "dwarf-with-dsym";
				ENABLE_NS_ASSERTIONS = NO;
				ENABLE_STRICT_OBJC_MSGSEND = YES;
				ENABLE_USER_SCRIPT_SANDBOXING = YES;
				GCC_C_LANGUAGE_STANDARD = gnu17;
				GCC_NO_COMMON_BLOCKS = YES;
				GCC_WARN_64_TO_32_BIT_CONVERSION = YES;
				GCC_WARN_ABOUT_RETURN_TYPE = YES_ERROR;
				GCC_WARN_UNDECLARED_SELECTOR = YES;
				GCC_WARN_UNINITIALIZED_AUTOS = YES_AGGRESSIVE;
				GCC_WARN_UNUSED_FUNCTION = YES;
				GCC_WARN_UNUSED_VARIABLE = YES;
				IPHONEOS_DEPLOYMENT_TARGET = 17.5;
				LOCALIZATION_PREFERS_STRING_CATALOGS = YES;
				MTL_ENABLE_DEBUG_INFO = NO;
				MTL_FAST_MATH = YES;
				SDKROOT = iphoneos;
				SWIFT_COMPILATION_MODE = wholemodule;
				VALIDATE_PRODUCT = YES;
			};
			name = Release;
		};
		DEF0666A2CAE2A3F0066488E /* Debug */ = {
			isa = XCBuildConfiguration;
			baseConfigurationReference = FF863385071EBFADFB4081B6 /* Pods-challenge.debug.xcconfig */;
			buildSettings = {
				ASSETCATALOG_COMPILER_APPICON_NAME = AppIcon;
				ASSETCATALOG_COMPILER_GLOBAL_ACCENT_COLOR_NAME = AccentColor;
				BASE_URL = "https://file.notion.so/";
				CODE_SIGN_STYLE = Automatic;
				CURRENT_PROJECT_VERSION = 1;
				ENABLE_USER_SCRIPT_SANDBOXING = NO;
				GENERATE_INFOPLIST_FILE = YES;
				INFOPLIST_FILE = challenge/Info.plist;
				INFOPLIST_KEY_UIApplicationSupportsIndirectInputEvents = YES;
				INFOPLIST_KEY_UILaunchStoryboardName = LaunchScreen;
				INFOPLIST_KEY_UIMainStoryboardFile = Main;
				INFOPLIST_KEY_UISupportedInterfaceOrientations_iPad = "UIInterfaceOrientationPortrait UIInterfaceOrientationPortraitUpsideDown UIInterfaceOrientationLandscapeLeft UIInterfaceOrientationLandscapeRight";
				INFOPLIST_KEY_UISupportedInterfaceOrientations_iPhone = "UIInterfaceOrientationPortrait UIInterfaceOrientationLandscapeLeft UIInterfaceOrientationLandscapeRight";
				LD_RUNPATH_SEARCH_PATHS = (
					"$(inherited)",
					"@executable_path/Frameworks",
				);
				MARKETING_VERSION = 1.0;
				PRODUCT_BUNDLE_IDENTIFIER = com.ahead.challenge;
				PRODUCT_NAME = "$(TARGET_NAME)";
				SWIFT_EMIT_LOC_STRINGS = YES;
				SWIFT_VERSION = 5.0;
				TARGETED_DEVICE_FAMILY = "1,2";
			};
			name = Debug;
		};
		DEF0666B2CAE2A3F0066488E /* Release */ = {
			isa = XCBuildConfiguration;
			baseConfigurationReference = 47B818C6812478A42A211D6C /* Pods-challenge.release.xcconfig */;
			buildSettings = {
				ASSETCATALOG_COMPILER_APPICON_NAME = AppIcon;
				ASSETCATALOG_COMPILER_GLOBAL_ACCENT_COLOR_NAME = AccentColor;
				BASE_URL = "https://file.notion.so/";
				CODE_SIGN_STYLE = Automatic;
				CURRENT_PROJECT_VERSION = 1;
				ENABLE_USER_SCRIPT_SANDBOXING = NO;
				GENERATE_INFOPLIST_FILE = YES;
				INFOPLIST_FILE = challenge/Info.plist;
				INFOPLIST_KEY_UIApplicationSupportsIndirectInputEvents = YES;
				INFOPLIST_KEY_UILaunchStoryboardName = LaunchScreen;
				INFOPLIST_KEY_UIMainStoryboardFile = Main;
				INFOPLIST_KEY_UISupportedInterfaceOrientations_iPad = "UIInterfaceOrientationPortrait UIInterfaceOrientationPortraitUpsideDown UIInterfaceOrientationLandscapeLeft UIInterfaceOrientationLandscapeRight";
				INFOPLIST_KEY_UISupportedInterfaceOrientations_iPhone = "UIInterfaceOrientationPortrait UIInterfaceOrientationLandscapeLeft UIInterfaceOrientationLandscapeRight";
				LD_RUNPATH_SEARCH_PATHS = (
					"$(inherited)",
					"@executable_path/Frameworks",
				);
				MARKETING_VERSION = 1.0;
				PRODUCT_BUNDLE_IDENTIFIER = com.ahead.challenge;
				PRODUCT_NAME = "$(TARGET_NAME)";
				SWIFT_EMIT_LOC_STRINGS = YES;
				SWIFT_VERSION = 5.0;
				TARGETED_DEVICE_FAMILY = "1,2";
			};
			name = Release;
		};
		DEF0666D2CAE2A3F0066488E /* Debug */ = {
			isa = XCBuildConfiguration;
			baseConfigurationReference = 1B00C0F6BCEA4D694568C7F0 /* Pods-challengeTests.debug.xcconfig */;
			buildSettings = {
				ALWAYS_EMBED_SWIFT_STANDARD_LIBRARIES = YES;
				BUNDLE_LOADER = "$(TEST_HOST)";
				CODE_SIGN_STYLE = Automatic;
				CURRENT_PROJECT_VERSION = 1;
				GENERATE_INFOPLIST_FILE = YES;
				IPHONEOS_DEPLOYMENT_TARGET = 17.5;
				MARKETING_VERSION = 1.0;
				PRODUCT_BUNDLE_IDENTIFIER = com.ahead.challengeTests;
				PRODUCT_NAME = "$(TARGET_NAME)";
				SWIFT_EMIT_LOC_STRINGS = NO;
				SWIFT_VERSION = 5.0;
				TARGETED_DEVICE_FAMILY = "1,2";
				TEST_HOST = "$(BUILT_PRODUCTS_DIR)/challenge.app/$(BUNDLE_EXECUTABLE_FOLDER_PATH)/challenge";
			};
			name = Debug;
		};
		DEF0666E2CAE2A3F0066488E /* Release */ = {
			isa = XCBuildConfiguration;
			baseConfigurationReference = 5ABDC4A902A7CB6AC55A493D /* Pods-challengeTests.release.xcconfig */;
			buildSettings = {
				ALWAYS_EMBED_SWIFT_STANDARD_LIBRARIES = YES;
				BUNDLE_LOADER = "$(TEST_HOST)";
				CODE_SIGN_STYLE = Automatic;
				CURRENT_PROJECT_VERSION = 1;
				GENERATE_INFOPLIST_FILE = YES;
				IPHONEOS_DEPLOYMENT_TARGET = 17.5;
				MARKETING_VERSION = 1.0;
				PRODUCT_BUNDLE_IDENTIFIER = com.ahead.challengeTests;
				PRODUCT_NAME = "$(TARGET_NAME)";
				SWIFT_EMIT_LOC_STRINGS = NO;
				SWIFT_VERSION = 5.0;
				TARGETED_DEVICE_FAMILY = "1,2";
				TEST_HOST = "$(BUILT_PRODUCTS_DIR)/challenge.app/$(BUNDLE_EXECUTABLE_FOLDER_PATH)/challenge";
			};
			name = Release;
		};
		DEF066702CAE2A3F0066488E /* Debug */ = {
			isa = XCBuildConfiguration;
			baseConfigurationReference = 1BF68EA977EC317446225E69 /* Pods-challenge-challengeUITests.debug.xcconfig */;
			buildSettings = {
				ALWAYS_EMBED_SWIFT_STANDARD_LIBRARIES = YES;
				CODE_SIGN_STYLE = Automatic;
				CURRENT_PROJECT_VERSION = 1;
				GENERATE_INFOPLIST_FILE = YES;
				MARKETING_VERSION = 1.0;
				PRODUCT_BUNDLE_IDENTIFIER = com.ahead.challengeUITests;
				PRODUCT_NAME = "$(TARGET_NAME)";
				SWIFT_EMIT_LOC_STRINGS = NO;
				SWIFT_VERSION = 5.0;
				TARGETED_DEVICE_FAMILY = "1,2";
				TEST_TARGET_NAME = challenge;
			};
			name = Debug;
		};
		DEF066712CAE2A3F0066488E /* Release */ = {
			isa = XCBuildConfiguration;
			baseConfigurationReference = 9719F6434F9CED5972A0A29E /* Pods-challenge-challengeUITests.release.xcconfig */;
			buildSettings = {
				ALWAYS_EMBED_SWIFT_STANDARD_LIBRARIES = YES;
				CODE_SIGN_STYLE = Automatic;
				CURRENT_PROJECT_VERSION = 1;
				GENERATE_INFOPLIST_FILE = YES;
				MARKETING_VERSION = 1.0;
				PRODUCT_BUNDLE_IDENTIFIER = com.ahead.challengeUITests;
				PRODUCT_NAME = "$(TARGET_NAME)";
				SWIFT_EMIT_LOC_STRINGS = NO;
				SWIFT_VERSION = 5.0;
				TARGETED_DEVICE_FAMILY = "1,2";
				TEST_TARGET_NAME = challenge;
			};
			name = Release;
		};
/* End XCBuildConfiguration section */

/* Begin XCConfigurationList section */
		DEF0663A2CAE2A3D0066488E /* Build configuration list for PBXProject "challenge" */ = {
			isa = XCConfigurationList;
			buildConfigurations = (
				DEF066672CAE2A3F0066488E /* Debug */,
				DEF066682CAE2A3F0066488E /* Release */,
			);
			defaultConfigurationIsVisible = 0;
			defaultConfigurationName = Release;
		};
		DEF066692CAE2A3F0066488E /* Build configuration list for PBXNativeTarget "challenge" */ = {
			isa = XCConfigurationList;
			buildConfigurations = (
				DEF0666A2CAE2A3F0066488E /* Debug */,
				DEF0666B2CAE2A3F0066488E /* Release */,
			);
			defaultConfigurationIsVisible = 0;
			defaultConfigurationName = Release;
		};
		DEF0666C2CAE2A3F0066488E /* Build configuration list for PBXNativeTarget "challengeTests" */ = {
			isa = XCConfigurationList;
			buildConfigurations = (
				DEF0666D2CAE2A3F0066488E /* Debug */,
				DEF0666E2CAE2A3F0066488E /* Release */,
			);
			defaultConfigurationIsVisible = 0;
			defaultConfigurationName = Release;
		};
		DEF0666F2CAE2A3F0066488E /* Build configuration list for PBXNativeTarget "challengeUITests" */ = {
			isa = XCConfigurationList;
			buildConfigurations = (
				DEF066702CAE2A3F0066488E /* Debug */,
				DEF066712CAE2A3F0066488E /* Release */,
			);
			defaultConfigurationIsVisible = 0;
			defaultConfigurationName = Release;
		};
/* End XCConfigurationList section */
	};
	rootObject = DEF066372CAE2A3D0066488E /* Project object */;
}
